
Microsoft Visual Studio Solution File, Format Version 12.00
# Visual Studio 15
VisualStudioVersion = 15.0.28010.2036
MinimumVisualStudioVersion = 10.0.40219.1
Project("{8BC9CEB8-8B4A-11D0-8D11-00A0C91BC942}") = "OpenGLEngine", "OpenGLEngine\OpenGLEngine.vcxproj", "{EC8DA0DD-1F49-4396-AD68-A0D9F8288318}"
EndProject
Global
	GlobalSection(SolutionConfigurationPlatforms) = preSolution
		Debug|x64 = Debug|x64
		Debug|x86 = Debug|x86
		Release|x64 = Release|x64
		Release|x86 = Release|x86
	EndGlobalSection
	GlobalSection(ProjectConfigurationPlatforms) = postSolution
		{EC8DA0DD-1F49-4396-AD68-A0D9F8288318}.Debug|x64.ActiveCfg = Debug|x64
		{EC8DA0DD-1F49-4396-AD68-A0D9F8288318}.Debug|x64.Build.0 = Debug|x64
		{EC8DA0DD-1F49-4396-AD68-A0D9F8288318}.Debug|x86.ActiveCfg = Debug|Win32
		{EC8DA0DD-1F49-4396-AD68-A0D9F8288318}.Debug|x86.Build.0 = Debug|Win32
		{EC8DA0DD-1F49-4396-AD68-A0D9F8288318}.Release|x64.ActiveCfg = Release|x64
		{EC8DA0DD-1F49-4396-AD68-A0D9F8288318}.Release|x64.Build.0 = Release|x64
		{EC8DA0DD-1F49-4396-AD68-A0D9F8288318}.Release|x86.ActiveCfg = Release|Win32
		{EC8DA0DD-1F49-4396-AD68-A0D9F8288318}.Release|x86.Build.0 = Release|Win32
	EndGlobalSection
	GlobalSection(SolutionProperties) = preSolution
		HideSolutionNode = FALSE
	EndGlobalSection
	GlobalSection(ExtensibilityGlobals) = postSolution
		SolutionGuid = {53F18F1B-7D85-49DD-96BB-9FF912B3BAC0}
	EndGlobalSection
EndGlobal
